<?xml version="1.0" encoding="utf-8"?>
<Project ToolsVersion="4.0" xmlns="http://schemas.microsoft.com/developer/msbuild/2003">
  <ItemGroup>
    <Filter Include="Source Files">
      <UniqueIdentifier>{4FC737F1-C7A5-4376-A066-2A32D752A2FF}</UniqueIdentifier>
      <Extensions>cpp;c;cc;cxx;def;odl;idl;hpj;bat;asm;asmx</Extensions>
    </Filter>
    <Filter Include="Resource Files">
      <UniqueIdentifier>{67DA6AB6-F800-4c08-8B7A-83BB121AAD01}</UniqueIdentifier>
      <Extensions>rc;ico;cur;bmp;dlg;rc2;rct;bin;rgs;gif;jpg;jpeg;jpe;resx;tiff;tif;png;wav;mfcribbon-ms</Extensions>
    </Filter>
    <Filter Include="ndSdk">
      <UniqueIdentifier>{975d5eb0-22f7-46a7-a8b1-d15a6335ffb3}</UniqueIdentifier>
    </Filter>
    <Filter Include="Header Files">
      <UniqueIdentifier>{93995380-89BD-4b04-88EB-625FBE52EBFB}</UniqueIdentifier>
      <Extensions>h;hh;hpp;hxx;hm;inl;inc;ipp;xsd</Extensions>
    </Filter>
    <Filter Include="ndSdk\ndvm">
      <UniqueIdentifier>{c53a0d3f-f927-445a-b40e-818a41e2049c}</UniqueIdentifier>
    </Filter>
    <Filter Include="ndSdk\include">
      <UniqueIdentifier>{0f47fc00-f19d-45e5-bf8f-b80eaa9bff2e}</UniqueIdentifier>
    </Filter>
  </ItemGroup>
  <ItemGroup>
    <ClInclude Include="..\..\include\logic_parser\logic_compile.h">
      <Filter>Header Files</Filter>
    </ClInclude>
    <ClInclude Include="..\..\include\logic_parser\logic_debugger.h">
      <Filter>Header Files</Filter>
    </ClInclude>
    <ClInclude Include="..\..\include\logic_parser\logic_editor_helper.h">
      <Filter>Header Files</Filter>
    </ClInclude>
    <ClInclude Include="..\..\include\logic_parser\logic_function.h">
      <Filter>Header Files</Filter>
    </ClInclude>
    <ClInclude Include="..\..\include\logic_parser\logicApi.hpp">
      <Filter>Header Files</Filter>
    </ClInclude>
    <ClInclude Include="..\..\include\logic_parser\logicApi4c.h">
      <Filter>Header Files</Filter>
    </ClInclude>
    <ClInclude Include="..\..\include\logic_parser\logicDataType.h">
      <Filter>Header Files</Filter>
    </ClInclude>
    <ClInclude Include="..\..\include\logic_parser\logicEndian.h">
      <Filter>Header Files</Filter>
    </ClInclude>
    <ClInclude Include="..\..\include\logic_parser\logicEngineRoot.h">
      <Filter>Header Files</Filter>
    </ClInclude>
    <ClInclude Include="..\..\include\logic_parser\logicParser.h">
      <Filter>Header Files</Filter>
    </ClInclude>
    <ClInclude Include="..\..\include\logic_parser\logicStruct.hpp">
      <Filter>Header Files</Filter>
    </ClInclude>
    <ClInclude Include="..\..\include\logic_parser\objectBaseMgr.h">
      <Filter>Header Files</Filter>
    </ClInclude>
    <ClInclude Include="..\..\..\ndsdk\include\nd_vm\nd_vm.h">
      <Filter>ndSdk\include</Filter>
    </ClInclude>
    <ClInclude Include="..\..\include\logic_parser\_logicEventId.h">
      <Filter>Header Files</Filter>
    </ClInclude>
  </ItemGroup>
  <ItemGroup>
    <ClCompile Include="..\..\src\parser\logic_compile.cpp">
      <Filter>Source Files</Filter>
    </ClCompile>
    <ClCompile Include="..\..\src\parser\logic_debugger.cpp">
      <Filter>Source Files</Filter>
    </ClCompile>
    <ClCompile Include="..\..\src\parser\logic_editor_helper.cpp">
      <Filter>Source Files</Filter>
    </ClCompile>
    <ClCompile Include="..\..\src\parser\logic_function.cpp">
      <Filter>Source Files</Filter>
    </ClCompile>
    <ClCompile Include="..\..\src\parser\logicApi4c.cpp">
      <Filter>Source Files</Filter>
    </ClCompile>
    <ClCompile Include="..\..\src\parser\logicDataType.cpp">
      <Filter>Source Files</Filter>
    </ClCompile>
    <ClCompile Include="..\..\src\parser\logicEngineRoot.cpp">
      <Filter>Source Files</Filter>
    </ClCompile>
    <ClCompile Include="..\..\src\parser\logicParser.cpp">
      <Filter>Source Files</Filter>
    </ClCompile>
    <ClCompile Include="..\..\src\parser\logicStruct.cpp">
      <Filter>Source Files</Filter>
    </ClCompile>
    <ClCompile Include="..\..\src\parser\main_exe_entry.cpp">
      <Filter>Source Files</Filter>
    </ClCompile>
    <ClCompile Include="..\..\src\parser\objectBaseMgr.cpp">
      <Filter>Source Files</Filter>
    </ClCompile>
    <ClCompile Include="..\..\..\ndsdk\src\nd_vm\src\nd_asm.c">
      <Filter>ndSdk\ndvm</Filter>
    </ClCompile>
    <ClCompile Include="..\..\..\ndsdk\src\nd_vm\src\nd_formula.c">
      <Filter>ndSdk\ndvm</Filter>
    </ClCompile>
    <ClCompile Include="..\..\..\ndsdk\src\nd_vm\src\nd_vm.c">
      <Filter>ndSdk\ndvm</Filter>
    </ClCompile>
    <ClCompile Include="..\..\..\ndsdk\src\nd_vm\src\nd_vmdbg.c">
      <Filter>ndSdk\ndvm</Filter>
    </ClCompile>
    <ClCompile Include="..\..\..\ndsdk\src\nd_vm\src\nd_vmmain.c">
      <Filter>ndSdk\ndvm</Filter>
    </ClCompile>
    <ClCompile Include="..\..\..\ndsdk\src\nd_common\src\cJSON.c">
      <Filter>ndSdk</Filter>
    </ClCompile>
    <ClCompile Include="..\..\src\parser\pluginsMgr.cpp">
      <Filter>Source Files</Filter>
    </ClCompile>
  </ItemGroup>
</Project>